
Microsoft Visual Studio Solution File, Format Version 12.00
# Visual Studio Version 17
VisualStudioVersion = 17.8.34330.188
MinimumVisualStudioVersion = 10.0.40219.1
Project("{FAE04EC0-301F-11D3-BF4B-00C04F79EFBC}") = "MQClient", "MQClient\MQClient.csproj", "{0C35C870-4088-4955-AAD5-9962F01DBE39}"
EndProject
Project("{FAE04EC0-301F-11D3-BF4B-00C04F79EFBC}") = "MQClient.Core", "MQClient.Core\MQClient.Core.csproj", "{90393875-2E9E-4F6E-B970-F78A9C54104C}"
EndProject
Project("{FAE04EC0-301F-11D3-BF4B-00C04F79EFBC}") = "MQClient.View", "MQClient.View\MQClient.View.csproj", "{5C8F2B03-DB41-4F8A-940F-D73E28F31DDF}"
EndProject
Global
	GlobalSection(SolutionConfigurationPlatforms) = preSolution
		Debug|Any CPU = Debug|Any CPU
		Release|Any CPU = Release|Any CPU
	EndGlobalSection
	GlobalSection(ProjectConfigurationPlatforms) = postSolution
		{0C35C870-4088-4955-AAD5-9962F01DBE39}.Debug|Any CPU.ActiveCfg = Debug|Any CPU
		{0C35C870-4088-4955-AAD5-9962F01DBE39}.Debug|Any CPU.Build.0 = Debug|Any CPU
		{0C35C870-4088-4955-AAD5-9962F01DBE39}.Release|Any CPU.ActiveCfg = Release|Any CPU
		{0C35C870-4088-4955-AAD5-9962F01DBE39}.Release|Any CPU.Build.0 = Release|Any CPU
		{90393875-2E9E-4F6E-B970-F78A9C54104C}.Debug|Any CPU.ActiveCfg = Debug|Any CPU
		{90393875-2E9E-4F6E-B970-F78A9C54104C}.Debug|Any CPU.Build.0 = Debug|Any CPU
		{90393875-2E9E-4F6E-B970-F78A9C54104C}.Release|Any CPU.ActiveCfg = Release|Any CPU
		{90393875-2E9E-4F6E-B970-F78A9C54104C}.Release|Any CPU.Build.0 = Release|Any CPU
		{5C8F2B03-DB41-4F8A-940F-D73E28F31DDF}.Debug|Any CPU.ActiveCfg = Debug|Any CPU
		{5C8F2B03-DB41-4F8A-940F-D73E28F31DDF}.Debug|Any CPU.Build.0 = Debug|Any CPU
		{5C8F2B03-DB41-4F8A-940F-D73E28F31DDF}.Release|Any CPU.ActiveCfg = Release|Any CPU
		{5C8F2B03-DB41-4F8A-940F-D73E28F31DDF}.Release|Any CPU.Build.0 = Release|Any CPU
	EndGlobalSection
	GlobalSection(SolutionProperties) = preSolution
		HideSolutionNode = FALSE
	EndGlobalSection
	GlobalSection(ExtensibilityGlobals) = postSolution
		SolutionGuid = {08010490-0944-4C28-8A50-90B1280A9305}
	EndGlobalSection
EndGlobal
